
Microsoft Visual Studio Solution File, Format Version 12.00
# Visual Studio Version 17
VisualStudioVersion = 17.9.34701.34
MinimumVisualStudioVersion = 10.0.40219.1
Project("{FAE04EC0-301F-11D3-BF4B-00C04F79EFBC}") = "WindowsFormsApp1", "WindowsFormsApp1\WindowsFormsApp1.csproj", "{8F7D0F6A-EF7E-4B98-8AEF-6C61A93DBA00}"
EndProject
Project("{FAE04EC0-301F-11D3-BF4B-00C04F79EFBC}") = "WindowsFormsApp2", "..\WindowsFormsApp2\WindowsFormsApp2.csproj", "{F3E6B0F3-EA39-4C22-AE9B-8DE6CEC5ECE3}"
EndProject
Global
	GlobalSection(SolutionConfigurationPlatforms) = preSolution
		Debug|Any CPU = Debug|Any CPU
		Release|Any CPU = Release|Any CPU
	EndGlobalSection
	GlobalSection(ProjectConfigurationPlatforms) = postSolution
		{8F7D0F6A-EF7E-4B98-8AEF-6C61A93DBA00}.Debug|Any CPU.ActiveCfg = Debug|Any CPU
		{8F7D0F6A-EF7E-4B98-8AEF-6C61A93DBA00}.Debug|Any CPU.Build.0 = Debug|Any CPU
		{8F7D0F6A-EF7E-4B98-8AEF-6C61A93DBA00}.Release|Any CPU.ActiveCfg = Release|Any CPU
		{8F7D0F6A-EF7E-4B98-8AEF-6C61A93DBA00}.Release|Any CPU.Build.0 = Release|Any CPU
		{F3E6B0F3-EA39-4C22-AE9B-8DE6CEC5ECE3}.Debug|Any CPU.ActiveCfg = Debug|Any CPU
		{F3E6B0F3-EA39-4C22-AE9B-8DE6CEC5ECE3}.Debug|Any CPU.Build.0 = Debug|Any CPU
		{F3E6B0F3-EA39-4C22-AE9B-8DE6CEC5ECE3}.Release|Any CPU.ActiveCfg = Release|Any CPU
		{F3E6B0F3-EA39-4C22-AE9B-8DE6CEC5ECE3}.Release|Any CPU.Build.0 = Release|Any CPU
	EndGlobalSection
	GlobalSection(SolutionProperties) = preSolution
		HideSolutionNode = FALSE
	EndGlobalSection
	GlobalSection(ExtensibilityGlobals) = postSolution
		SolutionGuid = {57DD8EDD-B1EC-4C9B-8789-EB8E0647D8E9}
	EndGlobalSection
EndGlobal
